// !$*UTF8*$!
{
	archiveVersion = 1;
	classes = {
	};
	objectVersion = 50;
	objects = {

/* Begin PBXBuildFile section */
		A5174DAD27040B250096C714 /* FeedHolderView.swift in Sources */ = {isa = PBXBuildFile; fileRef = A5174DAC27040B250096C714 /* FeedHolderView.swift */; };
		A5174DAF27040DC90096C714 /* ProfileDetailView.swift in Sources */ = {isa = PBXBuildFile; fileRef = A5174DAE27040DC90096C714 /* ProfileDetailView.swift */; };
		A51C419D26EACBA800D85D55 /* UCenfotec_gramApp.swift in Sources */ = {isa = PBXBuildFile; fileRef = A51C419C26EACBA800D85D55 /* UCenfotec_gramApp.swift */; };
		A51C419F26EACBA800D85D55 /* ContentView.swift in Sources */ = {isa = PBXBuildFile; fileRef = A51C419E26EACBA800D85D55 /* ContentView.swift */; };
		A51C41A126EACBA900D85D55 /* Assets.xcassets in Resources */ = {isa = PBXBuildFile; fileRef = A51C41A026EACBA900D85D55 /* Assets.xcassets */; };
		A51C41A426EACBA900D85D55 /* Preview Assets.xcassets in Resources */ = {isa = PBXBuildFile; fileRef = A51C41A326EACBA900D85D55 /* Preview Assets.xcassets */; };
		A52E0367270D2B0F00E9AAC8 /* FeedViewModel.swift in Sources */ = {isa = PBXBuildFile; fileRef = A52E0366270D2B0F00E9AAC8 /* FeedViewModel.swift */; };
		A52E0369270E9F2300E9AAC8 /* MainView.swift in Sources */ = {isa = PBXBuildFile; fileRef = A52E0368270E9F2300E9AAC8 /* MainView.swift */; };
		A5D17DD927057BD000EDD3E1 /* ActionableBarView.swift in Sources */ = {isa = PBXBuildFile; fileRef = A5D17DD827057BD000EDD3E1 /* ActionableBarView.swift */; };
		A5D17DDB270584DD00EDD3E1 /* ProfileView.swift in Sources */ = {isa = PBXBuildFile; fileRef = A5D17DDA270584DD00EDD3E1 /* ProfileView.swift */; };
		A5D17DDD2705880F00EDD3E1 /* StoryView.swift in Sources */ = {isa = PBXBuildFile; fileRef = A5D17DDC2705880F00EDD3E1 /* StoryView.swift */; };
/* End PBXBuildFile section */

/* Begin PBXFileReference section */
		A5174DAC27040B250096C714 /* FeedHolderView.swift */ = {isa = PBXFileReference; lastKnownFileType = sourcecode.swift; path = FeedHolderView.swift; sourceTree = "<group>"; };
		A5174DAE27040DC90096C714 /* ProfileDetailView.swift */ = {isa = PBXFileReference; lastKnownFileType = sourcecode.swift; path = ProfileDetailView.swift; sourceTree = "<group>"; };
		A51C419926EACBA700D85D55 /* UCenfotec-gram.app */ = {isa = PBXFileReference; explicitFileType = wrapper.application; includeInIndex = 0; path = "UCenfotec-gram.app"; sourceTree = BUILT_PRODUCTS_DIR; };
		A51C419C26EACBA800D85D55 /* UCenfotec_gramApp.swift */ = {isa = PBXFileReference; lastKnownFileType = sourcecode.swift; path = UCenfotec_gramApp.swift; sourceTree = "<group>"; };
		A51C419E26EACBA800D85D55 /* ContentView.swift */ = {isa = PBXFileReference; lastKnownFileType = sourcecode.swift; path = ContentView.swift; sourceTree = "<group>"; };
		A51C41A026EACBA900D85D55 /* Assets.xcassets */ = {isa = PBXFileReference; lastKnownFileType = folder.assetcatalog; path = Assets.xcassets; sourceTree = "<group>"; };
		A51C41A326EACBA900D85D55 /* Preview Assets.xcassets */ = {isa = PBXFileReference; lastKnownFileType = folder.assetcatalog; path = "Preview Assets.xcassets"; sourceTree = "<group>"; };
		A51C41A526EACBA900D85D55 /* Info.plist */ = {isa = PBXFileReference; lastKnownFileType = text.plist.xml; path = Info.plist; sourceTree = "<group>"; };
		A52E0366270D2B0F00E9AAC8 /* FeedViewModel.swift */ = {isa = PBXFileReference; lastKnownFileType = sourcecode.swift; path = FeedViewModel.swift; sourceTree = "<group>"; };
		A52E0368270E9F2300E9AAC8 /* MainView.swift */ = {isa = PBXFileReference; lastKnownFileType = sourcecode.swift; path = MainView.swift; sourceTree = "<group>"; };
		A5D17DD827057BD000EDD3E1 /* ActionableBarView.swift */ = {isa = PBXFileReference; lastKnownFileType = sourcecode.swift; path = ActionableBarView.swift; sourceTree = "<group>"; };
		A5D17DDA270584DD00EDD3E1 /* ProfileView.swift */ = {isa = PBXFileReference; lastKnownFileType = sourcecode.swift; path = ProfileView.swift; sourceTree = "<group>"; };
		A5D17DDC2705880F00EDD3E1 /* StoryView.swift */ = {isa = PBXFileReference; lastKnownFileType = sourcecode.swift; path = StoryView.swift; sourceTree = "<group>"; };
/* End PBXFileReference section */

/* Begin PBXFrameworksBuildPhase section */
		A51C419626EACBA700D85D55 /* Frameworks */ = {
			isa = PBXFrameworksBuildPhase;
			buildActionMask = 2147483647;
			files = (
			);
			runOnlyForDeploymentPostprocessing = 0;
		};
/* End PBXFrameworksBuildPhase section */

/* Begin PBXGroup section */
		A5174DA8270404B90096C714 /* App */ = {
			isa = PBXGroup;
			children = (
				A51C419C26EACBA800D85D55 /* UCenfotec_gramApp.swift */,
				A51C419E26EACBA800D85D55 /* ContentView.swift */,
				A5D17DDA270584DD00EDD3E1 /* ProfileView.swift */,
				A52E0368270E9F2300E9AAC8 /* MainView.swift */,
			);
			path = App;
			sourceTree = "<group>";
		};
		A5174DA9270405530096C714 /* Models */ = {
			isa = PBXGroup;
			children = (
			);
			path = Models;
			sourceTree = "<group>";
		};
		A5174DAA2704055A0096C714 /* Views */ = {
			isa = PBXGroup;
			children = (
				A5174DAC27040B250096C714 /* FeedHolderView.swift */,
				A5174DAE27040DC90096C714 /* ProfileDetailView.swift */,
				A5D17DD827057BD000EDD3E1 /* ActionableBarView.swift */,
				A5D17DDC2705880F00EDD3E1 /* StoryView.swift */,
			);
			path = Views;
			sourceTree = "<group>";
		};
		A5174DAB270405630096C714 /* ViewModels */ = {
			isa = PBXGroup;
			children = (
				A52E0366270D2B0F00E9AAC8 /* FeedViewModel.swift */,
			);
			path = ViewModels;
			sourceTree = "<group>";
		};
		A51C419026EACBA700D85D55 = {
			isa = PBXGroup;
			children = (
				A51C419B26EACBA700D85D55 /* UCenfotec-gram */,
				A51C419A26EACBA700D85D55 /* Products */,
			);
			sourceTree = "<group>";
		};
		A51C419A26EACBA700D85D55 /* Products */ = {
			isa = PBXGroup;
			children = (
				A51C419926EACBA700D85D55 /* UCenfotec-gram.app */,
			);
			name = Products;
			sourceTree = "<group>";
		};
		A51C419B26EACBA700D85D55 /* UCenfotec-gram */ = {
			isa = PBXGroup;
			children = (
				A5174DA8270404B90096C714 /* App */,
				A5174DA9270405530096C714 /* Models */,
				A5174DAA2704055A0096C714 /* Views */,
				A5174DAB270405630096C714 /* ViewModels */,
				A51C41A026EACBA900D85D55 /* Assets.xcassets */,
				A51C41A526EACBA900D85D55 /* Info.plist */,
				A51C41A226EACBA900D85D55 /* Preview Content */,
			);
			path = "UCenfotec-gram";
			sourceTree = "<group>";
		};
		A51C41A226EACBA900D85D55 /* Preview Content */ = {
			isa = PBXGroup;
			children = (
				A51C41A326EACBA900D85D55 /* Preview Assets.xcassets */,
			);
			path = "Preview Content";
			sourceTree = "<group>";
		};
/* End PBXGroup section */

/* Begin PBXNativeTarget section */
		A51C419826EACBA700D85D55 /* UCenfotec-gram */ = {
			isa = PBXNativeTarget;
			buildConfigurationList = A51C41A826EACBA900D85D55 /* Build configuration list for PBXNativeTarget "UCenfotec-gram" */;
			buildPhases = (
				A51C419526EACBA700D85D55 /* Sources */,
				A51C419626EACBA700D85D55 /* Frameworks */,
				A51C419726EACBA700D85D55 /* Resources */,
			);
			buildRules = (
			);
			dependencies = (
			);
			name = "UCenfotec-gram";
			productName = "UCenfotec-gram";
			productReference = A51C419926EACBA700D85D55 /* UCenfotec-gram.app */;
			productType = "com.apple.product-type.application";
		};
/* End PBXNativeTarget section */

/* Begin PBXProject section */
		A51C419126EACBA700D85D55 /* Project object */ = {
			isa = PBXProject;
			attributes = {
				LastSwiftUpdateCheck = 1250;
				LastUpgradeCheck = 1250;
				TargetAttributes = {
					A51C419826EACBA700D85D55 = {
						CreatedOnToolsVersion = 12.5.1;
					};
				};
			};
			buildConfigurationList = A51C419426EACBA700D85D55 /* Build configuration list for PBXProject "UCenfotec-gram" */;
			compatibilityVersion = "Xcode 9.3";
			developmentRegion = en;
			hasScannedForEncodings = 0;
			knownRegions = (
				en,
				Base,
			);
			mainGroup = A51C419026EACBA700D85D55;
			productRefGroup = A51C419A26EACBA700D85D55 /* Products */;
			projectDirPath = "";
			projectRoot = "";
			targets = (
				A51C419826EACBA700D85D55 /* UCenfotec-gram */,
			);
		};
/* End PBXProject section */

/* Begin PBXResourcesBuildPhase section */
		A51C419726EACBA700D85D55 /* Resources */ = {
			isa = PBXResourcesBuildPhase;
			buildActionMask = 2147483647;
			files = (
				A51C41A426EACBA900D85D55 /* Preview Assets.xcassets in Resources */,
				A51C41A126EACBA900D85D55 /* Assets.xcassets in Resources */,
			);
			runOnlyForDeploymentPostprocessing = 0;
		};
/* End PBXResourcesBuildPhase section */

/* Begin PBXSourcesBuildPhase section */
		A51C419526EACBA700D85D55 /* Sources */ = {
			isa = PBXSourcesBuildPhase;
			buildActionMask = 2147483647;
			files = (
				A51C419F26EACBA800D85D55 /* ContentView.swift in Sources */,
				A52E0369270E9F2300E9AAC8 /* MainView.swift in Sources */,
				A5174DAF27040DC90096C714 /* ProfileDetailView.swift in Sources */,
				A51C419D26EACBA800D85D55 /* UCenfotec_gramApp.swift in Sources */,
				A5D17DDD2705880F00EDD3E1 /* StoryView.swift in Sources */,
				A5D17DD927057BD000EDD3E1 /* ActionableBarView.swift in Sources */,
				A5D17DDB270584DD00EDD3E1 /* ProfileView.swift in Sources */,
				A52E0367270D2B0F00E9AAC8 /* FeedViewModel.swift in Sources */,
				A5174DAD27040B250096C714 /* FeedHolderView.swift in Sources */,
			);
			runOnlyForDeploymentPostprocessing = 0;
		};
/* End PBXSourcesBuildPhase section */

/* Begin XCBuildConfiguration section */
		A51C41A626EACBA900D85D55 /* Debug */ = {
			isa = XCBuildConfiguration;
			buildSettings = {
				ALWAYS_SEARCH_USER_PATHS = NO;
				CLANG_ANALYZER_NONNULL = YES;
				CLANG_ANALYZER_NUMBER_OBJECT_CONVERSION = YES_AGGRESSIVE;
				CLANG_CXX_LANGUAGE_STANDARD = "gnu++14";
				CLANG_CXX_LIBRARY = "libc++";
				CLANG_ENABLE_MODULES = YES;
				CLANG_ENABLE_OBJC_ARC = YES;
				CLANG_ENABLE_OBJC_WEAK = YES;
				CLANG_WARN_BLOCK_CAPTURE_AUTORELEASING = YES;
				CLANG_WARN_BOOL_CONVERSION = YES;
				CLANG_WARN_COMMA = YES;
				CLANG_WARN_CONSTANT_CONVERSION = YES;
				CLANG_WARN_DEPRECATED_OBJC_IMPLEMENTATIONS = YES;
				CLANG_WARN_DIRECT_OBJC_ISA_USAGE = YES_ERROR;
				CLANG_WARN_DOCUMENTATION_COMMENTS = YES;
				CLANG_WARN_EMPTY_BODY = YES;
				CLANG_WARN_ENUM_CONVERSION = YES;
				CLANG_WARN_INFINITE_RECURSION = YES;
				CLANG_WARN_INT_CONVERSION = YES;
				CLANG_WARN_NON_LITERAL_NULL_CONVERSION = YES;
				CLANG_WARN_OBJC_IMPLICIT_RETAIN_SELF = YES;
				CLANG_WARN_OBJC_LITERAL_CONVERSION = YES;
				CLANG_WARN_OBJC_ROOT_CLASS = YES_ERROR;
				CLANG_WARN_QUOTED_INCLUDE_IN_FRAMEWORK_HEADER = YES;
				CLANG_WARN_RANGE_LOOP_ANALYSIS = YES;
				CLANG_WARN_STRICT_PROTOTYPES = YES;
				CLANG_WARN_SUSPICIOUS_MOVE = YES;
				CLANG_WARN_UNGUARDED_AVAILABILITY = YES_AGGRESSIVE;
				CLANG_WARN_UNREACHABLE_CODE = YES;
				CLANG_WARN__DUPLICATE_METHOD_MATCH = YES;
				COPY_PHASE_STRIP = NO;
				DEBUG_INFORMATION_FORMAT = dwarf;
				ENABLE_STRICT_OBJC_MSGSEND = YES;
				ENABLE_TESTABILITY = YES;
				GCC_C_LANGUAGE_STANDARD = gnu11;
				GCC_DYNAMIC_NO_PIC = NO;
				GCC_NO_COMMON_BLOCKS = YES;
				GCC_OPTIMIZATION_LEVEL = 0;
				GCC_PREPROCESSOR_DEFINITIONS = (
					"DEBUG=1",
					"$(inherited)",
				);
				GCC_WARN_64_TO_32_BIT_CONVERSION = YES;
				GCC_WARN_ABOUT_RETURN_TYPE = YES_ERROR;
				GCC_WARN_UNDECLARED_SELECTOR = YES;
				GCC_WARN_UNINITIALIZED_AUTOS = YES_AGGRESSIVE;
				GCC_WARN_UNUSED_FUNCTION = YES;
				GCC_WARN_UNUSED_VARIABLE = YES;
				IPHONEOS_DEPLOYMENT_TARGET = 14.5;
				MTL_ENABLE_DEBUG_INFO = INCLUDE_SOURCE;
				MTL_FAST_MATH = YES;
				ONLY_ACTIVE_ARCH = YES;
				SDKROOT = iphoneos;
				SWIFT_ACTIVE_COMPILATION_CONDITIONS = DEBUG;
				SWIFT_OPTIMIZATION_LEVEL = "-Onone";
			};
			name = Debug;
		};
		A51C41A726EACBA900D85D55 /* Release */ = {
			isa = XCBuildConfiguration;
			buildSettings = {
				ALWAYS_SEARCH_USER_PATHS = NO;
				CLANG_ANALYZER_NONNULL = YES;
				CLANG_ANALYZER_NUMBER_OBJECT_CONVERSION = YES_AGGRESSIVE;
				CLANG_CXX_LANGUAGE_STANDARD = "gnu++14";
				CLANG_CXX_LIBRARY = "libc++";
				CLANG_ENABLE_MODULES = YES;
				CLANG_ENABLE_OBJC_ARC = YES;
				CLANG_ENABLE_OBJC_WEAK = YES;
				CLANG_WARN_BLOCK_CAPTURE_AUTORELEASING = YES;
				CLANG_WARN_BOOL_CONVERSION = YES;
				CLANG_WARN_COMMA = YES;
				CLANG_WARN_CONSTANT_CONVERSION = YES;
				CLANG_WARN_DEPRECATED_OBJC_IMPLEMENTATIONS = YES;
				CLANG_WARN_DIRECT_OBJC_ISA_USAGE = YES_ERROR;
				CLANG_WARN_DOCUMENTATION_COMMENTS = YES;
				CLANG_WARN_EMPTY_BODY = YES;
				CLANG_WARN_ENUM_CONVERSION = YES;
				CLANG_WARN_INFINITE_RECURSION = YES;
				CLANG_WARN_INT_CONVERSION = YES;
				CLANG_WARN_NON_LITERAL_NULL_CONVERSION = YES;
				CLANG_WARN_OBJC_IMPLICIT_RETAIN_SELF = YES;
				CLANG_WARN_OBJC_LITERAL_CONVERSION = YES;
				CLANG_WARN_OBJC_ROOT_CLASS = YES_ERROR;
				CLANG_WARN_QUOTED_INCLUDE_IN_FRAMEWORK_HEADER = YES;
				CLANG_WARN_RANGE_LOOP_ANALYSIS = YES;
				CLANG_WARN_STRICT_PROTOTYPES = YES;
				CLANG_WARN_SUSPICIOUS_MOVE = YES;
				CLANG_WARN_UNGUARDED_AVAILABILITY = YES_AGGRESSIVE;
				CLANG_WARN_UNREACHABLE_CODE = YES;
				CLANG_WARN__DUPLICATE_METHOD_MATCH = YES;
				COPY_PHASE_STRIP = NO;
				DEBUG_INFORMATION_FORMAT = "dwarf-with-dsym";
				ENABLE_NS_ASSERTIONS = NO;
				ENABLE_STRICT_OBJC_MSGSEND = YES;
				GCC_C_LANGUAGE_STANDARD = gnu11;
				GCC_NO_COMMON_BLOCKS = YES;
				GCC_WARN_64_TO_32_BIT_CONVERSION = YES;
				GCC_WARN_ABOUT_RETURN_TYPE = YES_ERROR;
				GCC_WARN_UNDECLARED_SELECTOR = YES;
				GCC_WARN_UNINITIALIZED_AUTOS = YES_AGGRESSIVE;
				GCC_WARN_UNUSED_FUNCTION = YES;
				GCC_WARN_UNUSED_VARIABLE = YES;
				IPHONEOS_DEPLOYMENT_TARGET = 14.5;
				MTL_ENABLE_DEBUG_INFO = NO;
				MTL_FAST_MATH = YES;
				SDKROOT = iphoneos;
				SWIFT_COMPILATION_MODE = wholemodule;
				SWIFT_OPTIMIZATION_LEVEL = "-O";
				VALIDATE_PRODUCT = YES;
			};
			name = Release;
		};
		A51C41A926EACBA900D85D55 /* Debug */ = {
			isa = XCBuildConfiguration;
			buildSettings = {
				ASSETCATALOG_COMPILER_APPICON_NAME = AppIcon;
				ASSETCATALOG_COMPILER_GLOBAL_ACCENT_COLOR_NAME = AccentColor;
				CODE_SIGN_STYLE = Automatic;
				DEVELOPMENT_ASSET_PATHS = "\"UCenfotec-gram/Preview Content\"";
				DEVELOPMENT_TEAM = N74PUSUB38;
				ENABLE_PREVIEWS = YES;
				INFOPLIST_FILE = "UCenfotec-gram/Info.plist";
				IPHONEOS_DEPLOYMENT_TARGET = 14.0;
				LD_RUNPATH_SEARCH_PATHS = (
					"$(inherited)",
					"@executable_path/Frameworks",
				);
				PRODUCT_BUNDLE_IDENTIFIER = "com.alexrojasb.mov2.UCenfotec-gram";
				PRODUCT_NAME = "$(TARGET_NAME)";
				SWIFT_VERSION = 5.0;
				TARGETED_DEVICE_FAMILY = "1,2";
			};
			name = Debug;
		};
		A51C41AA26EACBA900D85D55 /* Release */ = {
			isa = XCBuildConfiguration;
			buildSettings = {
				ASSETCATALOG_COMPILER_APPICON_NAME = AppIcon;
				ASSETCATALOG_COMPILER_GLOBAL_ACCENT_COLOR_NAME = AccentColor;
				CODE_SIGN_STYLE = Automatic;
				DEVELOPMENT_ASSET_PATHS = "\"UCenfotec-gram/Preview Content\"";
				DEVELOPMENT_TEAM = N74PUSUB38;
				ENABLE_PREVIEWS = YES;
				INFOPLIST_FILE = "UCenfotec-gram/Info.plist";
				IPHONEOS_DEPLOYMENT_TARGET = 14.0;
				LD_RUNPATH_SEARCH_PATHS = (
					"$(inherited)",
					"@executable_path/Frameworks",
				);
				PRODUCT_BUNDLE_IDENTIFIER = "com.alexrojasb.mov2.UCenfotec-gram";
				PRODUCT_NAME = "$(TARGET_NAME)";
				SWIFT_VERSION = 5.0;
				TARGETED_DEVICE_FAMILY = "1,2";
			};
			name = Release;
		};
/* End XCBuildConfiguration section */

/* Begin XCConfigurationList section */
		A51C419426EACBA700D85D55 /* Build configuration list for PBXProject "UCenfotec-gram" */ = {
			isa = XCConfigurationList;
			buildConfigurations = (
				A51C41A626EACBA900D85D55 /* Debug */,
				A51C41A726EACBA900D85D55 /* Release */,
			);
			defaultConfigurationIsVisible = 0;
			defaultConfigurationName = Release;
		};
		A51C41A826EACBA900D85D55 /* Build configuration list for PBXNativeTarget "UCenfotec-gram" */ = {
			isa = XCConfigurationList;
			buildConfigurations = (
				A51C41A926EACBA900D85D55 /* Debug */,
				A51C41AA26EACBA900D85D55 /* Release */,
			);
			defaultConfigurationIsVisible = 0;
			defaultConfigurationName = Release;
		};
/* End XCConfigurationList section */
	};
	rootObject = A51C419126EACBA700D85D55 /* Project object */;
}
